# @generated by Move, please check-in and do not edit manually.

[move]
version = 3
manifest_digest = "6DA90F97095EDF59D0D98F48D02562F41E6CE3823DCF4045280F50AECDF79B3E"
deps_digest = "F8BBB0CCB2491CA29A3DF03D6F92277A4F3574266507ACD77214D37ECA3F3082"
dependencies = [
  { id = "Sui", name = "Sui" },
]

[[move.package]]
id = "MoveStdlib"
source = { git = "https://github.com/MystenLabs/sui.git", rev = "framework/testnet", subdir = "crates\\sui-framework\\packages\\move-stdlib" }

[[move.package]]
id = "Sui"
source = { git = "https://github.com/MystenLabs/sui.git", rev = "framework/testnet", subdir = "crates/sui-framework/packages/sui-framework" }

dependencies = [
  { id = "MoveStdlib", name = "MoveStdlib" },
]

[move.toolchain-version]
compiler-version = "1.61.2"
edition = "2024.beta"
flavor = "sui"

[env]

[env.testnet]
chain-id = "4c78adac"
original-published-id = "0x32e401bd6eba7ff4638b34eabf83974de3badc79cb4f3d291708c949d329c7df"
latest-published-id = "0x32e401bd6eba7ff4638b34eabf83974de3badc79cb4f3d291708c949d329c7df"
published-version = "1"
